namespace CaculateRectangle
{
    internal class Program
    {
        static void Main(string[] args)
        {
            Console.WriteLine("Calculate rectangle");

            Console.WriteLine("Enter first value");
            string FirstNumber = Console.ReadLine();
            float floatFirst = float.Parse(FirstNumber);

            Console.WriteLine("Enter second vallue");
            string SecondNumber = Console.ReadLine();
            float floatSecond = float.Parse(SecondNumber);

            //teha pindala ja ümbermõõdu kalkulatsion
            Console.WriteLine("kalkulatsion S");
            float vastusS = floatFirst * floatSecond;
            Console.WriteLine(vastusS);

            Console.WriteLine("kalkulatsion P");
            float vastusP = 2*(floatFirst + floatSecond);
            Console.WriteLine(vastusP);
        }
    }
}
-------------------------------------------------------------------------------------------------------------------
namespace if_else
{
    internal class Program
    {
        static void Main(string[] args)
        {
            Console.WriteLine("if, else");

            Console.WriteLine("Enter your name");
            string name = Console.ReadLine();
            Console.WriteLine("Enter your age");
            int age = int.Parse(Console.ReadLine());

            Console.WriteLine("Hello {0}, you are {1}, years old", name, age);
            Console.WriteLine("Hello " + name + " you are " + age + " years old. ");

            if (age < 7 && age > 0)
            {
                Console.WriteLine("ti lox");
            }
            else if (age >= 7 && age <= 18)
            {
                Console.WriteLine("Käid koolis");
            }
            else if (age >= 18 && age <= 75)
            {
                Console.WriteLine("töötad");
            }
            else if (age > 75 && age <= 130)
            {
                Console.WriteLine("Puhkad soojal maal");
            }
            else
            {
                Console.WriteLine("ERROR");
            }
        }
    }
}
-------------------------------------------------------------------------------------------------------------------
namespace ifelse
{
    internal class Program
    {
        static void Main(string[] args)
        {
            Console.WriteLine("Hello, World!");

            int number = int.Parse(Console.ReadLine());

            if (number == 12)
            {
                Console.WriteLine("Number on" + number);
            }
            else if (number >= 13 && number <= 25)
            {

                if (number == 17)
                {
                    Console.WriteLine("number on 17");
                }
                else
                {
                    Console.WriteLine("number on 12 kuni 16 ja 18 kuni 25");
                }
            }
            else
            {
                Console.WriteLine("Imelik number");
            }
        }
    }
}
-------------------------------------------------------------------------------------------------------------------
