
Microsoft Visual Studio Solution File, Format Version 12.00
# Visual Studio Version 17
VisualStudioVersion = 17.10.35122.118
MinimumVisualStudioVersion = 10.0.40219.1
Project("{FAE04EC0-301F-11D3-BF4B-00C04F79EFBC}") = "NameControl", "NameControl\NameControl.csproj", "{9DCE7F03-A7FF-4F3A-B779-C4B5E4749B41}"
EndProject
Global
	GlobalSection(SolutionConfigurationPlatforms) = preSolution
		Debug|Any CPU = Debug|Any CPU
		Release|Any CPU = Release|Any CPU
	EndGlobalSection
	GlobalSection(ProjectConfigurationPlatforms) = postSolution
		{9DCE7F03-A7FF-4F3A-B779-C4B5E4749B41}.Debug|Any CPU.ActiveCfg = Debug|Any CPU
		{9DCE7F03-A7FF-4F3A-B779-C4B5E4749B41}.Debug|Any CPU.Build.0 = Debug|Any CPU
		{9DCE7F03-A7FF-4F3A-B779-C4B5E4749B41}.Release|Any CPU.ActiveCfg = Release|Any CPU
		{9DCE7F03-A7FF-4F3A-B779-C4B5E4749B41}.Release|Any CPU.Build.0 = Release|Any CPU
	EndGlobalSection
	GlobalSection(SolutionProperties) = preSolution
		HideSolutionNode = FALSE
	EndGlobalSection
	GlobalSection(ExtensibilityGlobals) = postSolution
		SolutionGuid = {B6869D3A-0E08-482A-9EF7-72EA269A573B}
	EndGlobalSection
EndGlobal
